
Microsoft Visual Studio Solution File, Format Version 12.00
# Visual Studio Version 16
VisualStudioVersion = 16.0.31515.178
MinimumVisualStudioVersion = 10.0.40219.1
Project("{FAE04EC0-301F-11D3-BF4B-00C04F79EFBC}") = "Biblioteca_sistema", "Biblioteca_sistema.csproj", "{01A7100A-E4E7-446E-BDA6-8A37A66E68CC}"
EndProject
Global
	GlobalSection(SolutionConfigurationPlatforms) = preSolution
		Debug|Any CPU = Debug|Any CPU
		Release|Any CPU = Release|Any CPU
	EndGlobalSection
	GlobalSection(ProjectConfigurationPlatforms) = postSolution
		{01A7100A-E4E7-446E-BDA6-8A37A66E68CC}.Debug|Any CPU.ActiveCfg = Debug|Any CPU
		{01A7100A-E4E7-446E-BDA6-8A37A66E68CC}.Debug|Any CPU.Build.0 = Debug|Any CPU
		{01A7100A-E4E7-446E-BDA6-8A37A66E68CC}.Release|Any CPU.ActiveCfg = Release|Any CPU
		{01A7100A-E4E7-446E-BDA6-8A37A66E68CC}.Release|Any CPU.Build.0 = Release|Any CPU
	EndGlobalSection
	GlobalSection(SolutionProperties) = preSolution
		HideSolutionNode = FALSE
	EndGlobalSection
	GlobalSection(ExtensibilityGlobals) = postSolution
		SolutionGuid = {CEE2E497-1DCE-4221-9F52-24D17FAAF209}
	EndGlobalSection
EndGlobal
